// !$*UTF8*$!
{
	archiveVersion = 1;
	classes = {
	};
	objectVersion = 46;
	objects = {

/* Begin PBXBuildFile section */
		0C03AE181E01C5E20080ADAA /* AppDelegate.swift in Sources */ = {isa = PBXBuildFile; fileRef = 0C03AE171E01C5E20080ADAA /* AppDelegate.swift */; };
		0C03AE1D1E01C5E20080ADAA /* Main.storyboard in Resources */ = {isa = PBXBuildFile; fileRef = 0C03AE1B1E01C5E20080ADAA /* Main.storyboard */; };
		0C03AE1F1E01C5E20080ADAA /* Assets.xcassets in Resources */ = {isa = PBXBuildFile; fileRef = 0C03AE1E1E01C5E20080ADAA /* Assets.xcassets */; };
		0C03AE221E01C5E20080ADAA /* LaunchScreen.storyboard in Resources */ = {isa = PBXBuildFile; fileRef = 0C03AE201E01C5E20080ADAA /* LaunchScreen.storyboard */; };
		0C03AE4E1E01D7C30080ADAA /* WhomeViewController.swift in Sources */ = {isa = PBXBuildFile; fileRef = 0C03AE4D1E01D7C30080ADAA /* WhomeViewController.swift */; };
		0CC32AB51E05689900776690 /* dataModel.swift in Sources */ = {isa = PBXBuildFile; fileRef = 0CC32AB41E05689900776690 /* dataModel.swift */; };
		334035D8C7D53F545E2980F1 /* Pods_weather.framework in Frameworks */ = {isa = PBXBuildFile; fileRef = 4EA27D2B1B019755207B67A7 /* Pods_weather.framework */; };
/* End PBXBuildFile section */

/* Begin PBXFileReference section */
		0C03AE141E01C5E20080ADAA /* weather.app */ = {isa = PBXFileReference; explicitFileType = wrapper.application; includeInIndex = 0; path = weather.app; sourceTree = BUILT_PRODUCTS_DIR; };
		0C03AE171E01C5E20080ADAA /* AppDelegate.swift */ = {isa = PBXFileReference; lastKnownFileType = sourcecode.swift; path = AppDelegate.swift; sourceTree = "<group>"; };
		0C03AE1C1E01C5E20080ADAA /* Base */ = {isa = PBXFileReference; lastKnownFileType = file.storyboard; name = Base; path = Base.lproj/Main.storyboard; sourceTree = "<group>"; };
		0C03AE1E1E01C5E20080ADAA /* Assets.xcassets */ = {isa = PBXFileReference; lastKnownFileType = folder.assetcatalog; path = Assets.xcassets; sourceTree = "<group>"; };
		0C03AE211E01C5E20080ADAA /* Base */ = {isa = PBXFileReference; lastKnownFileType = file.storyboard; name = Base; path = Base.lproj/LaunchScreen.storyboard; sourceTree = "<group>"; };
		0C03AE231E01C5E20080ADAA /* Info.plist */ = {isa = PBXFileReference; lastKnownFileType = text.plist.xml; path = Info.plist; sourceTree = "<group>"; };
		0C03AE4D1E01D7C30080ADAA /* WhomeViewController.swift */ = {isa = PBXFileReference; fileEncoding = 4; lastKnownFileType = sourcecode.swift; path = WhomeViewController.swift; sourceTree = "<group>"; };
		0CC32AB41E05689900776690 /* dataModel.swift */ = {isa = PBXFileReference; fileEncoding = 4; lastKnownFileType = sourcecode.swift; path = dataModel.swift; sourceTree = "<group>"; };
		26CD548C0FED4E293690E932 /* Pods-weather.release.xcconfig */ = {isa = PBXFileReference; includeInIndex = 1; lastKnownFileType = text.xcconfig; name = "Pods-weather.release.xcconfig"; path = "Pods/Target Support Files/Pods-weather/Pods-weather.release.xcconfig"; sourceTree = "<group>"; };
		4EA27D2B1B019755207B67A7 /* Pods_weather.framework */ = {isa = PBXFileReference; explicitFileType = wrapper.framework; includeInIndex = 0; path = Pods_weather.framework; sourceTree = BUILT_PRODUCTS_DIR; };
		EAF839FED0C5597A13F86258 /* Pods-weather.debug.xcconfig */ = {isa = PBXFileReference; includeInIndex = 1; lastKnownFileType = text.xcconfig; name = "Pods-weather.debug.xcconfig"; path = "Pods/Target Support Files/Pods-weather/Pods-weather.debug.xcconfig"; sourceTree = "<group>"; };
/* End PBXFileReference section */

/* Begin PBXFrameworksBuildPhase section */
		0C03AE111E01C5E20080ADAA /* Frameworks */ = {
			isa = PBXFrameworksBuildPhase;
			buildActionMask = 2147483647;
			files = (
				334035D8C7D53F545E2980F1 /* Pods_weather.framework in Frameworks */,
			);
			runOnlyForDeploymentPostprocessing = 0;
		};
/* End PBXFrameworksBuildPhase section */

/* Begin PBXGroup section */
		0C03AE0B1E01C5E10080ADAA = {
			isa = PBXGroup;
			children = (
				0C03AE161E01C5E20080ADAA /* weather */,
				0C03AE151E01C5E20080ADAA /* Products */,
				9774DF891A406B08524DC487 /* Pods */,
				A97768295144DF7A422CF029 /* Frameworks */,
			);
			sourceTree = "<group>";
		};
		0C03AE151E01C5E20080ADAA /* Products */ = {
			isa = PBXGroup;
			children = (
				0C03AE141E01C5E20080ADAA /* weather.app */,
			);
			name = Products;
			sourceTree = "<group>";
		};
		0C03AE161E01C5E20080ADAA /* weather */ = {
			isa = PBXGroup;
			children = (
				0CC32AB31E05673900776690 /* model */,
				0C03AE501E01D8500080ADAA /* View */,
				0C03AE4F1E01D8280080ADAA /* ViewControllers */,
				0C03AE511E01D8650080ADAA /* Helpers */,
			);
			path = weather;
			sourceTree = "<group>";
		};
		0C03AE4F1E01D8280080ADAA /* ViewControllers */ = {
			isa = PBXGroup;
			children = (
				0C03AE4D1E01D7C30080ADAA /* WhomeViewController.swift */,
			);
			name = ViewControllers;
			sourceTree = "<group>";
		};
		0C03AE501E01D8500080ADAA /* View */ = {
			isa = PBXGroup;
			children = (
				0C03AE1B1E01C5E20080ADAA /* Main.storyboard */,
			);
			name = View;
			sourceTree = "<group>";
		};
		0C03AE511E01D8650080ADAA /* Helpers */ = {
			isa = PBXGroup;
			children = (
				0C03AE171E01C5E20080ADAA /* AppDelegate.swift */,
				0C03AE1E1E01C5E20080ADAA /* Assets.xcassets */,
				0C03AE201E01C5E20080ADAA /* LaunchScreen.storyboard */,
				0C03AE231E01C5E20080ADAA /* Info.plist */,
			);
			name = Helpers;
			sourceTree = "<group>";
		};
		0CC32AB31E05673900776690 /* model */ = {
			isa = PBXGroup;
			children = (
				0CC32AB41E05689900776690 /* dataModel.swift */,
			);
			name = model;
			sourceTree = "<group>";
		};
		9774DF891A406B08524DC487 /* Pods */ = {
			isa = PBXGroup;
			children = (
				EAF839FED0C5597A13F86258 /* Pods-weather.debug.xcconfig */,
				26CD548C0FED4E293690E932 /* Pods-weather.release.xcconfig */,
			);
			name = Pods;
			sourceTree = "<group>";
		};
		A97768295144DF7A422CF029 /* Frameworks */ = {
			isa = PBXGroup;
			children = (
				4EA27D2B1B019755207B67A7 /* Pods_weather.framework */,
			);
			name = Frameworks;
			sourceTree = "<group>";
		};
/* End PBXGroup section */

/* Begin PBXNativeTarget section */
		0C03AE131E01C5E20080ADAA /* weather */ = {
			isa = PBXNativeTarget;
			buildConfigurationList = 0C03AE261E01C5E20080ADAA /* Build configuration list for PBXNativeTarget "weather" */;
			buildPhases = (
				DA5B98065A446A6115928D5C /* [CP] Check Pods Manifest.lock */,
				0C03AE101E01C5E20080ADAA /* Sources */,
				0C03AE111E01C5E20080ADAA /* Frameworks */,
				0C03AE121E01C5E20080ADAA /* Resources */,
				1C6ECB598E054FF998595447 /* [CP] Embed Pods Frameworks */,
				7B0546A0D28BABEE6691B0DD /* [CP] Copy Pods Resources */,
			);
			buildRules = (
			);
			dependencies = (
			);
			name = weather;
			productName = weather;
			productReference = 0C03AE141E01C5E20080ADAA /* weather.app */;
			productType = "com.apple.product-type.application";
		};
/* End PBXNativeTarget section */

/* Begin PBXProject section */
		0C03AE0C1E01C5E10080ADAA /* Project object */ = {
			isa = PBXProject;
			attributes = {
				LastSwiftUpdateCheck = 0810;
				LastUpgradeCheck = 0810;
				ORGANIZATIONNAME = "Dadanov Alexey";
				TargetAttributes = {
					0C03AE131E01C5E20080ADAA = {
						CreatedOnToolsVersion = 8.1;
						DevelopmentTeam = TH7Q8J553W;
						ProvisioningStyle = Automatic;
					};
				};
			};
			buildConfigurationList = 0C03AE0F1E01C5E10080ADAA /* Build configuration list for PBXProject "weather" */;
			compatibilityVersion = "Xcode 3.2";
			developmentRegion = English;
			hasScannedForEncodings = 0;
			knownRegions = (
				en,
				Base,
			);
			mainGroup = 0C03AE0B1E01C5E10080ADAA;
			productRefGroup = 0C03AE151E01C5E20080ADAA /* Products */;
			projectDirPath = "";
			projectRoot = "";
			targets = (
				0C03AE131E01C5E20080ADAA /* weather */,
			);
		};
/* End PBXProject section */

/* Begin PBXResourcesBuildPhase section */
		0C03AE121E01C5E20080ADAA /* Resources */ = {
			isa = PBXResourcesBuildPhase;
			buildActionMask = 2147483647;
			files = (
				0C03AE221E01C5E20080ADAA /* LaunchScreen.storyboard in Resources */,
				0C03AE1F1E01C5E20080ADAA /* Assets.xcassets in Resources */,
				0C03AE1D1E01C5E20080ADAA /* Main.storyboard in Resources */,
			);
			runOnlyForDeploymentPostprocessing = 0;
		};
/* End PBXResourcesBuildPhase section */

/* Begin PBXShellScriptBuildPhase section */
		1C6ECB598E054FF998595447 /* [CP] Embed Pods Frameworks */ = {
			isa = PBXShellScriptBuildPhase;
			buildActionMask = 2147483647;
			files = (
			);
			inputPaths = (
			);
			name = "[CP] Embed Pods Frameworks";
			outputPaths = (
			);
			runOnlyForDeploymentPostprocessing = 0;
			shellPath = /bin/sh;
			shellScript = "\"${SRCROOT}/Pods/Target Support Files/Pods-weather/Pods-weather-frameworks.sh\"\n";
			showEnvVarsInLog = 0;
		};
		7B0546A0D28BABEE6691B0DD /* [CP] Copy Pods Resources */ = {
			isa = PBXShellScriptBuildPhase;
			buildActionMask = 2147483647;
			files = (
			);
			inputPaths = (
			);
			name = "[CP] Copy Pods Resources";
			outputPaths = (
			);
			runOnlyForDeploymentPostprocessing = 0;
			shellPath = /bin/sh;
			shellScript = "\"${SRCROOT}/Pods/Target Support Files/Pods-weather/Pods-weather-resources.sh\"\n";
			showEnvVarsInLog = 0;
		};
		DA5B98065A446A6115928D5C /* [CP] Check Pods Manifest.lock */ = {
			isa = PBXShellScriptBuildPhase;
			buildActionMask = 2147483647;
			files = (
			);
			inputPaths = (
			);
			name = "[CP] Check Pods Manifest.lock";
			outputPaths = (
			);
			runOnlyForDeploymentPostprocessing = 0;
			shellPath = /bin/sh;
			shellScript = "diff \"${PODS_ROOT}/../Podfile.lock\" \"${PODS_ROOT}/Manifest.lock\" > /dev/null\nif [ $? != 0 ] ; then\n    # print error to STDERR\n    echo \"error: The sandbox is not in sync with the Podfile.lock. Run 'pod install' or update your CocoaPods installation.\" >&2\n    exit 1\nfi\n";
			showEnvVarsInLog = 0;
		};
/* End PBXShellScriptBuildPhase section */

/* Begin PBXSourcesBuildPhase section */
		0C03AE101E01C5E20080ADAA /* Sources */ = {
			isa = PBXSourcesBuildPhase;
			buildActionMask = 2147483647;
			files = (
				0C03AE4E1E01D7C30080ADAA /* WhomeViewController.swift in Sources */,
				0C03AE181E01C5E20080ADAA /* AppDelegate.swift in Sources */,
				0CC32AB51E05689900776690 /* dataModel.swift in Sources */,
			);
			runOnlyForDeploymentPostprocessing = 0;
		};
/* End PBXSourcesBuildPhase section */

/* Begin PBXVariantGroup section */
		0C03AE1B1E01C5E20080ADAA /* Main.storyboard */ = {
			isa = PBXVariantGroup;
			children = (
				0C03AE1C1E01C5E20080ADAA /* Base */,
			);
			name = Main.storyboard;
			sourceTree = "<group>";
		};
		0C03AE201E01C5E20080ADAA /* LaunchScreen.storyboard */ = {
			isa = PBXVariantGroup;
			children = (
				0C03AE211E01C5E20080ADAA /* Base */,
			);
			name = LaunchScreen.storyboard;
			sourceTree = "<group>";
		};
/* End PBXVariantGroup section */

/* Begin XCBuildConfiguration section */
		0C03AE241E01C5E20080ADAA /* Debug */ = {
			isa = XCBuildConfiguration;
			buildSettings = {
				ALWAYS_SEARCH_USER_PATHS = NO;
				CLANG_ANALYZER_NONNULL = YES;
				CLANG_CXX_LANGUAGE_STANDARD = "gnu++0x";
				CLANG_CXX_LIBRARY = "libc++";
				CLANG_ENABLE_MODULES = YES;
				CLANG_ENABLE_OBJC_ARC = YES;
				CLANG_WARN_BOOL_CONVERSION = YES;
				CLANG_WARN_CONSTANT_CONVERSION = YES;
				CLANG_WARN_DIRECT_OBJC_ISA_USAGE = YES_ERROR;
				CLANG_WARN_DOCUMENTATION_COMMENTS = YES;
				CLANG_WARN_EMPTY_BODY = YES;
				CLANG_WARN_ENUM_CONVERSION = YES;
				CLANG_WARN_INFINITE_RECURSION = YES;
				CLANG_WARN_INT_CONVERSION = YES;
				CLANG_WARN_OBJC_ROOT_CLASS = YES_ERROR;
				CLANG_WARN_SUSPICIOUS_MOVE = YES;
				CLANG_WARN_SUSPICIOUS_MOVES = YES;
				CLANG_WARN_UNREACHABLE_CODE = YES;
				CLANG_WARN__DUPLICATE_METHOD_MATCH = YES;
				"CODE_SIGN_IDENTITY[sdk=iphoneos*]" = "iPhone Developer";
				COPY_PHASE_STRIP = NO;
				DEBUG_INFORMATION_FORMAT = dwarf;
				ENABLE_STRICT_OBJC_MSGSEND = YES;
				ENABLE_TESTABILITY = YES;
				GCC_C_LANGUAGE_STANDARD = gnu99;
				GCC_DYNAMIC_NO_PIC = NO;
				GCC_NO_COMMON_BLOCKS = YES;
				GCC_OPTIMIZATION_LEVEL = 0;
				GCC_PREPROCESSOR_DEFINITIONS = (
					"DEBUG=1",
					"$(inherited)",
				);
				GCC_WARN_64_TO_32_BIT_CONVERSION = YES;
				GCC_WARN_ABOUT_RETURN_TYPE = YES_ERROR;
				GCC_WARN_UNDECLARED_SELECTOR = YES;
				GCC_WARN_UNINITIALIZED_AUTOS = YES_AGGRESSIVE;
				GCC_WARN_UNUSED_FUNCTION = YES;
				GCC_WARN_UNUSED_VARIABLE = YES;
				IPHONEOS_DEPLOYMENT_TARGET = 8.2;
				MTL_ENABLE_DEBUG_INFO = YES;
				ONLY_ACTIVE_ARCH = YES;
				SDKROOT = iphoneos;
				SWIFT_ACTIVE_COMPILATION_CONDITIONS = DEBUG;
				SWIFT_OPTIMIZATION_LEVEL = "-Onone";
			};
			name = Debug;
		};
		0C03AE251E01C5E20080ADAA /* Release */ = {
			isa = XCBuildConfiguration;
			buildSettings = {
				ALWAYS_SEARCH_USER_PATHS = NO;
				CLANG_ANALYZER_NONNULL = YES;
				CLANG_CXX_LANGUAGE_STANDARD = "gnu++0x";
				CLANG_CXX_LIBRARY = "libc++";
				CLANG_ENABLE_MODULES = YES;
				CLANG_ENABLE_OBJC_ARC = YES;
				CLANG_WARN_BOOL_CONVERSION = YES;
				CLANG_WARN_CONSTANT_CONVERSION = YES;
				CLANG_WARN_DIRECT_OBJC_ISA_USAGE = YES_ERROR;
				CLANG_WARN_DOCUMENTATION_COMMENTS = YES;
				CLANG_WARN_EMPTY_BODY = YES;
				CLANG_WARN_ENUM_CONVERSION = YES;
				CLANG_WARN_INFINITE_RECURSION = YES;
				CLANG_WARN_INT_CONVERSION = YES;
				CLANG_WARN_OBJC_ROOT_CLASS = YES_ERROR;
				CLANG_WARN_SUSPICIOUS_MOVE = YES;
				CLANG_WARN_SUSPICIOUS_MOVES = YES;
				CLANG_WARN_UNREACHABLE_CODE = YES;
				CLANG_WARN__DUPLICATE_METHOD_MATCH = YES;
				"CODE_SIGN_IDENTITY[sdk=iphoneos*]" = "iPhone Developer";
				COPY_PHASE_STRIP = NO;
				DEBUG_INFORMATION_FORMAT = "dwarf-with-dsym";
				ENABLE_NS_ASSERTIONS = NO;
				ENABLE_STRICT_OBJC_MSGSEND = YES;
				GCC_C_LANGUAGE_STANDARD = gnu99;
				GCC_NO_COMMON_BLOCKS = YES;
				GCC_WARN_64_TO_32_BIT_CONVERSION = YES;
				GCC_WARN_ABOUT_RETURN_TYPE = YES_ERROR;
				GCC_WARN_UNDECLARED_SELECTOR = YES;
				GCC_WARN_UNINITIALIZED_AUTOS = YES_AGGRESSIVE;
				GCC_WARN_UNUSED_FUNCTION = YES;
				GCC_WARN_UNUSED_VARIABLE = YES;
				IPHONEOS_DEPLOYMENT_TARGET = 8.2;
				MTL_ENABLE_DEBUG_INFO = NO;
				SDKROOT = iphoneos;
				SWIFT_OPTIMIZATION_LEVEL = "-Owholemodule";
				VALIDATE_PRODUCT = YES;
			};
			name = Release;
		};
		0C03AE271E01C5E20080ADAA /* Debug */ = {
			isa = XCBuildConfiguration;
			baseConfigurationReference = EAF839FED0C5597A13F86258 /* Pods-weather.debug.xcconfig */;
			buildSettings = {
				ALWAYS_EMBED_SWIFT_STANDARD_LIBRARIES = YES;
				ASSETCATALOG_COMPILER_APPICON_NAME = AppIcon;
				DEVELOPMENT_TEAM = TH7Q8J553W;
				INFOPLIST_FILE = weather/Info.plist;
				IPHONEOS_DEPLOYMENT_TARGET = 8.1;
				LD_RUNPATH_SEARCH_PATHS = "$(inherited) @executable_path/Frameworks";
				PRODUCT_BUNDLE_IDENTIFIER = DA.weather;
				PRODUCT_NAME = "$(TARGET_NAME)";
				SWIFT_VERSION = 3.0;
			};
			name = Debug;
		};
		0C03AE281E01C5E20080ADAA /* Release */ = {
			isa = XCBuildConfiguration;
			baseConfigurationReference = 26CD548C0FED4E293690E932 /* Pods-weather.release.xcconfig */;
			buildSettings = {
				ALWAYS_EMBED_SWIFT_STANDARD_LIBRARIES = YES;
				ASSETCATALOG_COMPILER_APPICON_NAME = AppIcon;
				DEVELOPMENT_TEAM = TH7Q8J553W;
				INFOPLIST_FILE = weather/Info.plist;
				IPHONEOS_DEPLOYMENT_TARGET = 8.1;
				LD_RUNPATH_SEARCH_PATHS = "$(inherited) @executable_path/Frameworks";
				PRODUCT_BUNDLE_IDENTIFIER = DA.weather;
				PRODUCT_NAME = "$(TARGET_NAME)";
				SWIFT_VERSION = 3.0;
			};
			name = Release;
		};
/* End XCBuildConfiguration section */

/* Begin XCConfigurationList section */
		0C03AE0F1E01C5E10080ADAA /* Build configuration list for PBXProject "weather" */ = {
			isa = XCConfigurationList;
			buildConfigurations = (
				0C03AE241E01C5E20080ADAA /* Debug */,
				0C03AE251E01C5E20080ADAA /* Release */,
			);
			defaultConfigurationIsVisible = 0;
			defaultConfigurationName = Release;
		};
		0C03AE261E01C5E20080ADAA /* Build configuration list for PBXNativeTarget "weather" */ = {
			isa = XCConfigurationList;
			buildConfigurations = (
				0C03AE271E01C5E20080ADAA /* Debug */,
				0C03AE281E01C5E20080ADAA /* Release */,
			);
			defaultConfigurationIsVisible = 0;
			defaultConfigurationName = Release;
		};
/* End XCConfigurationList section */
	};
	rootObject = 0C03AE0C1E01C5E10080ADAA /* Project object */;
}
